
Microsoft Visual Studio Solution File, Format Version 12.00
# Visual Studio Version 17
VisualStudioVersion = 17.1.32421.90
MinimumVisualStudioVersion = 10.0.40219.1
Project("{2150E333-8FDC-42A3-9474-1A3956D46DE8}") = "Strategy", "Strategy", "{E60312EE-CE0D-490A-930D-44EE77B0A9B5}"
EndProject
Project("{2150E333-8FDC-42A3-9474-1A3956D46DE8}") = "Delivery", "Delivery", "{05CA93AB-31C7-4659-9B94-B26881210E6A}"
EndProject
Project("{9A19103F-16F7-4668-BE54-9A1E7A4F7556}") = "Calculadora.Imposto", "Strategy\Calculadora.Imposto\Calculadora.Imposto.csproj", "{7C36C745-CC58-410F-AB2B-32495451C7E5}"
EndProject
Project("{2150E333-8FDC-42A3-9474-1A3956D46DE8}") = "State", "State", "{CE9B2D16-2E29-4242-B9D4-D8C1B9152366}"
EndProject
Project("{9A19103F-16F7-4668-BE54-9A1E7A4F7556}") = "Estados.Orcamento", "State\Estados.Orcamento\Estados.Orcamento.csproj", "{DC681D2B-FAB2-4837-A6D4-76475CBDE352}"
EndProject
Project("{9A19103F-16F7-4668-BE54-9A1E7A4F7556}") = "Estados.Conta.Bancaria", "State\Estados.Conta.Bancaria\Estados.Conta.Bancaria.csproj", "{8357E06B-1C01-43F6-9907-295A282D3DD6}"
EndProject
Project("{2150E333-8FDC-42A3-9474-1A3956D46DE8}") = "Chain of Responsability", "Chain of Responsability", "{7142CC41-F6C0-412E-B996-6ECBD30BCEC7}"
EndProject
Project("{2150E333-8FDC-42A3-9474-1A3956D46DE8}") = "Template Method", "Template Method", "{2D5EC330-BA20-4ADA-AB08-617BD4EA4819}"
EndProject
Project("{9A19103F-16F7-4668-BE54-9A1E7A4F7556}") = "Template.Imposto", "Template Method\Template.Imposto\Template.Imposto.csproj", "{6364CC5C-9FCC-4E8C-8A02-D6AE7D1A1979}"
EndProject
Project("{9A19103F-16F7-4668-BE54-9A1E7A4F7556}") = "Template.Relatorio", "Template Method\Template.Relatorio\Template.Relatorio.csproj", "{68A3C011-D87B-45AF-895D-64D03F371E4F}"
EndProject
Project("{9A19103F-16F7-4668-BE54-9A1E7A4F7556}") = "Calculadora.Descontos", "Chain of Responsability\Calculadora.Descontos\Calculadora.Descontos.csproj", "{98CC4A33-25E9-4C96-B769-C0DDF09D9C61}"
EndProject
Project("{9A19103F-16F7-4668-BE54-9A1E7A4F7556}") = "Calculadora.Investimentos", "Strategy\Calculadora.Investimentos\Calculadora.Investimentos.csproj", "{C56CE315-5309-481B-9AA4-45BCF1ACC344}"
EndProject
Project("{2150E333-8FDC-42A3-9474-1A3956D46DE8}") = "Builder", "Builder", "{2FB8F97F-A9DC-4A15-B356-E2E86F922A7C}"
EndProject
Project("{9A19103F-16F7-4668-BE54-9A1E7A4F7556}") = "Construtor.NotaFiscal", "Builder\Construtor.NotaFiscal\Construtor.NotaFiscal.csproj", "{6015738C-5352-4410-AA88-9B9F1CB17C0B}"
EndProject
Project("{2150E333-8FDC-42A3-9474-1A3956D46DE8}") = "Observer", "Observer", "{D96D8388-0402-424E-BB3A-D34E38D7D6DA}"
	ProjectSection(SolutionItems) = preProject
		Observer\Acoes.Construtor.NotaFiscal\Acoes.Construtor.NotaFiscal.csproj = Observer\Acoes.Construtor.NotaFiscal\Acoes.Construtor.NotaFiscal.csproj
	EndProjectSection
EndProject
Project("{9A19103F-16F7-4668-BE54-9A1E7A4F7556}") = "Cadeia.Tipos.Requisicoes", "Chain of Responsability\Cadeira.Tipos.Requisicoes\Cadeia.Tipos.Requisicoes.csproj", "{1D6B0767-9F09-4DAC-AEAA-9A45DEB43F00}"
EndProject
Project("{2150E333-8FDC-42A3-9474-1A3956D46DE8}") = "Memento", "Memento", "{15A5E00A-AF4B-41DC-B8E4-0CA1793A47F1}"
EndProject
Project("{FAE04EC0-301F-11D3-BF4B-00C04F79EFBC}") = "Historico.Contrato", "Memento\Historico.Contrato\Historico.Contrato.csproj", "{CCDF0CF1-7224-47BE-A6B1-34FBF1961977}"
EndProject
Global
	GlobalSection(SolutionConfigurationPlatforms) = preSolution
		Debug|Any CPU = Debug|Any CPU
		Release|Any CPU = Release|Any CPU
	EndGlobalSection
	GlobalSection(ProjectConfigurationPlatforms) = postSolution
		{7C36C745-CC58-410F-AB2B-32495451C7E5}.Debug|Any CPU.ActiveCfg = Debug|Any CPU
		{7C36C745-CC58-410F-AB2B-32495451C7E5}.Debug|Any CPU.Build.0 = Debug|Any CPU
		{7C36C745-CC58-410F-AB2B-32495451C7E5}.Release|Any CPU.ActiveCfg = Release|Any CPU
		{7C36C745-CC58-410F-AB2B-32495451C7E5}.Release|Any CPU.Build.0 = Release|Any CPU
		{DC681D2B-FAB2-4837-A6D4-76475CBDE352}.Debug|Any CPU.ActiveCfg = Debug|Any CPU
		{DC681D2B-FAB2-4837-A6D4-76475CBDE352}.Debug|Any CPU.Build.0 = Debug|Any CPU
		{DC681D2B-FAB2-4837-A6D4-76475CBDE352}.Release|Any CPU.ActiveCfg = Release|Any CPU
		{DC681D2B-FAB2-4837-A6D4-76475CBDE352}.Release|Any CPU.Build.0 = Release|Any CPU
		{8357E06B-1C01-43F6-9907-295A282D3DD6}.Debug|Any CPU.ActiveCfg = Debug|Any CPU
		{8357E06B-1C01-43F6-9907-295A282D3DD6}.Debug|Any CPU.Build.0 = Debug|Any CPU
		{8357E06B-1C01-43F6-9907-295A282D3DD6}.Release|Any CPU.ActiveCfg = Release|Any CPU
		{8357E06B-1C01-43F6-9907-295A282D3DD6}.Release|Any CPU.Build.0 = Release|Any CPU
		{6364CC5C-9FCC-4E8C-8A02-D6AE7D1A1979}.Debug|Any CPU.ActiveCfg = Debug|Any CPU
		{6364CC5C-9FCC-4E8C-8A02-D6AE7D1A1979}.Debug|Any CPU.Build.0 = Debug|Any CPU
		{6364CC5C-9FCC-4E8C-8A02-D6AE7D1A1979}.Release|Any CPU.ActiveCfg = Release|Any CPU
		{6364CC5C-9FCC-4E8C-8A02-D6AE7D1A1979}.Release|Any CPU.Build.0 = Release|Any CPU
		{68A3C011-D87B-45AF-895D-64D03F371E4F}.Debug|Any CPU.ActiveCfg = Debug|Any CPU
		{68A3C011-D87B-45AF-895D-64D03F371E4F}.Debug|Any CPU.Build.0 = Debug|Any CPU
		{68A3C011-D87B-45AF-895D-64D03F371E4F}.Release|Any CPU.ActiveCfg = Release|Any CPU
		{68A3C011-D87B-45AF-895D-64D03F371E4F}.Release|Any CPU.Build.0 = Release|Any CPU
		{98CC4A33-25E9-4C96-B769-C0DDF09D9C61}.Debug|Any CPU.ActiveCfg = Debug|Any CPU
		{98CC4A33-25E9-4C96-B769-C0DDF09D9C61}.Debug|Any CPU.Build.0 = Debug|Any CPU
		{98CC4A33-25E9-4C96-B769-C0DDF09D9C61}.Release|Any CPU.ActiveCfg = Release|Any CPU
		{98CC4A33-25E9-4C96-B769-C0DDF09D9C61}.Release|Any CPU.Build.0 = Release|Any CPU
		{C56CE315-5309-481B-9AA4-45BCF1ACC344}.Debug|Any CPU.ActiveCfg = Debug|Any CPU
		{C56CE315-5309-481B-9AA4-45BCF1ACC344}.Debug|Any CPU.Build.0 = Debug|Any CPU
		{C56CE315-5309-481B-9AA4-45BCF1ACC344}.Release|Any CPU.ActiveCfg = Release|Any CPU
		{C56CE315-5309-481B-9AA4-45BCF1ACC344}.Release|Any CPU.Build.0 = Release|Any CPU
		{6015738C-5352-4410-AA88-9B9F1CB17C0B}.Debug|Any CPU.ActiveCfg = Debug|Any CPU
		{6015738C-5352-4410-AA88-9B9F1CB17C0B}.Debug|Any CPU.Build.0 = Debug|Any CPU
		{6015738C-5352-4410-AA88-9B9F1CB17C0B}.Release|Any CPU.ActiveCfg = Release|Any CPU
		{6015738C-5352-4410-AA88-9B9F1CB17C0B}.Release|Any CPU.Build.0 = Release|Any CPU
		{1D6B0767-9F09-4DAC-AEAA-9A45DEB43F00}.Debug|Any CPU.ActiveCfg = Debug|Any CPU
		{1D6B0767-9F09-4DAC-AEAA-9A45DEB43F00}.Debug|Any CPU.Build.0 = Debug|Any CPU
		{1D6B0767-9F09-4DAC-AEAA-9A45DEB43F00}.Release|Any CPU.ActiveCfg = Release|Any CPU
		{1D6B0767-9F09-4DAC-AEAA-9A45DEB43F00}.Release|Any CPU.Build.0 = Release|Any CPU
		{CCDF0CF1-7224-47BE-A6B1-34FBF1961977}.Debug|Any CPU.ActiveCfg = Debug|Any CPU
		{CCDF0CF1-7224-47BE-A6B1-34FBF1961977}.Debug|Any CPU.Build.0 = Debug|Any CPU
		{CCDF0CF1-7224-47BE-A6B1-34FBF1961977}.Release|Any CPU.ActiveCfg = Release|Any CPU
		{CCDF0CF1-7224-47BE-A6B1-34FBF1961977}.Release|Any CPU.Build.0 = Release|Any CPU
	EndGlobalSection
	GlobalSection(SolutionProperties) = preSolution
		HideSolutionNode = FALSE
	EndGlobalSection
	GlobalSection(NestedProjects) = preSolution
		{05CA93AB-31C7-4659-9B94-B26881210E6A} = {E60312EE-CE0D-490A-930D-44EE77B0A9B5}
		{7C36C745-CC58-410F-AB2B-32495451C7E5} = {E60312EE-CE0D-490A-930D-44EE77B0A9B5}
		{DC681D2B-FAB2-4837-A6D4-76475CBDE352} = {CE9B2D16-2E29-4242-B9D4-D8C1B9152366}
		{8357E06B-1C01-43F6-9907-295A282D3DD6} = {CE9B2D16-2E29-4242-B9D4-D8C1B9152366}
		{6364CC5C-9FCC-4E8C-8A02-D6AE7D1A1979} = {2D5EC330-BA20-4ADA-AB08-617BD4EA4819}
		{68A3C011-D87B-45AF-895D-64D03F371E4F} = {2D5EC330-BA20-4ADA-AB08-617BD4EA4819}
		{98CC4A33-25E9-4C96-B769-C0DDF09D9C61} = {7142CC41-F6C0-412E-B996-6ECBD30BCEC7}
		{C56CE315-5309-481B-9AA4-45BCF1ACC344} = {E60312EE-CE0D-490A-930D-44EE77B0A9B5}
		{6015738C-5352-4410-AA88-9B9F1CB17C0B} = {2FB8F97F-A9DC-4A15-B356-E2E86F922A7C}
		{1D6B0767-9F09-4DAC-AEAA-9A45DEB43F00} = {7142CC41-F6C0-412E-B996-6ECBD30BCEC7}
		{CCDF0CF1-7224-47BE-A6B1-34FBF1961977} = {15A5E00A-AF4B-41DC-B8E4-0CA1793A47F1}
	EndGlobalSection
	GlobalSection(ExtensibilityGlobals) = postSolution
		SolutionGuid = {17F972B7-676C-4561-834F-1912560E7D1C}
	EndGlobalSection
EndGlobal
